// !$*UTF8*$!
{
	archiveVersion = 1;
	classes = {
	};
	objectVersion = 50;
	objects = {

/* Begin PBXBuildFile section */
		D23DDEC322B799BC00D9C6F7 /* SpriteKit.framework in Frameworks */ = {isa = PBXBuildFile; fileRef = D23DDEC222B799BC00D9C6F7 /* SpriteKit.framework */; };
		D23DDEC622BDEB9200D9C6F7 /* UIColor+Extension.swift in Sources */ = {isa = PBXBuildFile; fileRef = D23DDEC522BDEB9100D9C6F7 /* UIColor+Extension.swift */; };
		D2423D1622A4E5EE00395CCD /* System+Data.swift in Sources */ = {isa = PBXBuildFile; fileRef = D2423D1522A4E5EE00395CCD /* System+Data.swift */; };
		D2423D1F22A7CB9600395CCD /* Simulation.swift in Sources */ = {isa = PBXBuildFile; fileRef = D2423D1E22A7CB9600395CCD /* Simulation.swift */; };
		D2423D2122A7CD4000395CCD /* Orbit.swift in Sources */ = {isa = PBXBuildFile; fileRef = D2423D2022A7CD4000395CCD /* Orbit.swift */; };
		D2423D2322A7CF3D00395CCD /* System+InnerPlanets.swift in Sources */ = {isa = PBXBuildFile; fileRef = D2423D2222A7CF3D00395CCD /* System+InnerPlanets.swift */; };
		D2D774C022993F9100EDA827 /* AppDelegate.swift in Sources */ = {isa = PBXBuildFile; fileRef = D2D774BF22993F9100EDA827 /* AppDelegate.swift */; };
		D2D774C222993F9100EDA827 /* ViewController.swift in Sources */ = {isa = PBXBuildFile; fileRef = D2D774C122993F9100EDA827 /* ViewController.swift */; };
		D2D774C522993F9100EDA827 /* Main.storyboard in Resources */ = {isa = PBXBuildFile; fileRef = D2D774C322993F9100EDA827 /* Main.storyboard */; };
		D2D774C722993F9200EDA827 /* Assets.xcassets in Resources */ = {isa = PBXBuildFile; fileRef = D2D774C622993F9200EDA827 /* Assets.xcassets */; };
		D2D774CA22993F9200EDA827 /* LaunchScreen.storyboard in Resources */ = {isa = PBXBuildFile; fileRef = D2D774C822993F9200EDA827 /* LaunchScreen.storyboard */; };
		D2D774D522993F9200EDA827 /* OrbitTests.swift in Sources */ = {isa = PBXBuildFile; fileRef = D2D774D422993F9200EDA827 /* OrbitTests.swift */; };
		D2D774E022993F9200EDA827 /* OrbitUITests.swift in Sources */ = {isa = PBXBuildFile; fileRef = D2D774DF22993F9200EDA827 /* OrbitUITests.swift */; };
		D2D774F722993FBE00EDA827 /* Body.swift in Sources */ = {isa = PBXBuildFile; fileRef = D2D774F022993FBE00EDA827 /* Body.swift */; };
		D2D774FA22993FBE00EDA827 /* System.swift in Sources */ = {isa = PBXBuildFile; fileRef = D2D774F322993FBE00EDA827 /* System.swift */; };
		D2D774FC22993FC300EDA827 /* OrbitSimulationTests.swift in Sources */ = {isa = PBXBuildFile; fileRef = D2D774EF22993FBE00EDA827 /* OrbitSimulationTests.swift */; };
		D2D774FF229FD27500EDA827 /* StepsTests.swift in Sources */ = {isa = PBXBuildFile; fileRef = D2D774FE229FD27500EDA827 /* StepsTests.swift */; };
		D2D77501229FD2D300EDA827 /* Steps.swift in Sources */ = {isa = PBXBuildFile; fileRef = D2D77500229FD2D300EDA827 /* Steps.swift */; };
/* End PBXBuildFile section */

/* Begin PBXContainerItemProxy section */
		D2D774D122993F9200EDA827 /* PBXContainerItemProxy */ = {
			isa = PBXContainerItemProxy;
			containerPortal = D2D774B422993F9100EDA827 /* Project object */;
			proxyType = 1;
			remoteGlobalIDString = D2D774BB22993F9100EDA827;
			remoteInfo = Orbit;
		};
		D2D774DC22993F9200EDA827 /* PBXContainerItemProxy */ = {
			isa = PBXContainerItemProxy;
			containerPortal = D2D774B422993F9100EDA827 /* Project object */;
			proxyType = 1;
			remoteGlobalIDString = D2D774BB22993F9100EDA827;
			remoteInfo = Orbit;
		};
/* End PBXContainerItemProxy section */

/* Begin PBXFileReference section */
		D23DDEC222B799BC00D9C6F7 /* SpriteKit.framework */ = {isa = PBXFileReference; lastKnownFileType = wrapper.framework; name = SpriteKit.framework; path = System/Library/Frameworks/SpriteKit.framework; sourceTree = SDKROOT; };
		D23DDEC522BDEB9100D9C6F7 /* UIColor+Extension.swift */ = {isa = PBXFileReference; lastKnownFileType = sourcecode.swift; path = "UIColor+Extension.swift"; sourceTree = "<group>"; };
		D2423D1522A4E5EE00395CCD /* System+Data.swift */ = {isa = PBXFileReference; lastKnownFileType = sourcecode.swift; path = "System+Data.swift"; sourceTree = "<group>"; };
		D2423D1E22A7CB9600395CCD /* Simulation.swift */ = {isa = PBXFileReference; lastKnownFileType = sourcecode.swift; path = Simulation.swift; sourceTree = "<group>"; };
		D2423D2022A7CD4000395CCD /* Orbit.swift */ = {isa = PBXFileReference; lastKnownFileType = sourcecode.swift; path = Orbit.swift; sourceTree = "<group>"; };
		D2423D2222A7CF3D00395CCD /* System+InnerPlanets.swift */ = {isa = PBXFileReference; lastKnownFileType = sourcecode.swift; path = "System+InnerPlanets.swift"; sourceTree = "<group>"; };
		D2D774BC22993F9100EDA827 /* Orbit.app */ = {isa = PBXFileReference; explicitFileType = wrapper.application; includeInIndex = 0; path = Orbit.app; sourceTree = BUILT_PRODUCTS_DIR; };
		D2D774BF22993F9100EDA827 /* AppDelegate.swift */ = {isa = PBXFileReference; lastKnownFileType = sourcecode.swift; path = AppDelegate.swift; sourceTree = "<group>"; };
		D2D774C122993F9100EDA827 /* ViewController.swift */ = {isa = PBXFileReference; lastKnownFileType = sourcecode.swift; path = ViewController.swift; sourceTree = "<group>"; };
		D2D774C422993F9100EDA827 /* Base */ = {isa = PBXFileReference; lastKnownFileType = file.storyboard; name = Base; path = Base.lproj/Main.storyboard; sourceTree = "<group>"; };
		D2D774C622993F9200EDA827 /* Assets.xcassets */ = {isa = PBXFileReference; lastKnownFileType = folder.assetcatalog; path = Assets.xcassets; sourceTree = "<group>"; };
		D2D774C922993F9200EDA827 /* Base */ = {isa = PBXFileReference; lastKnownFileType = file.storyboard; name = Base; path = Base.lproj/LaunchScreen.storyboard; sourceTree = "<group>"; };
		D2D774CB22993F9200EDA827 /* Info.plist */ = {isa = PBXFileReference; lastKnownFileType = text.plist.xml; path = Info.plist; sourceTree = "<group>"; };
		D2D774D022993F9200EDA827 /* OrbitTests.xctest */ = {isa = PBXFileReference; explicitFileType = wrapper.cfbundle; includeInIndex = 0; path = OrbitTests.xctest; sourceTree = BUILT_PRODUCTS_DIR; };
		D2D774D422993F9200EDA827 /* OrbitTests.swift */ = {isa = PBXFileReference; lastKnownFileType = sourcecode.swift; path = OrbitTests.swift; sourceTree = "<group>"; };
		D2D774D622993F9200EDA827 /* Info.plist */ = {isa = PBXFileReference; lastKnownFileType = text.plist.xml; path = Info.plist; sourceTree = "<group>"; };
		D2D774DB22993F9200EDA827 /* OrbitUITests.xctest */ = {isa = PBXFileReference; explicitFileType = wrapper.cfbundle; includeInIndex = 0; path = OrbitUITests.xctest; sourceTree = BUILT_PRODUCTS_DIR; };
		D2D774DF22993F9200EDA827 /* OrbitUITests.swift */ = {isa = PBXFileReference; lastKnownFileType = sourcecode.swift; path = OrbitUITests.swift; sourceTree = "<group>"; };
		D2D774E122993F9200EDA827 /* Info.plist */ = {isa = PBXFileReference; lastKnownFileType = text.plist.xml; path = Info.plist; sourceTree = "<group>"; };
		D2D774EF22993FBE00EDA827 /* OrbitSimulationTests.swift */ = {isa = PBXFileReference; fileEncoding = 4; lastKnownFileType = sourcecode.swift; path = OrbitSimulationTests.swift; sourceTree = "<group>"; };
		D2D774F022993FBE00EDA827 /* Body.swift */ = {isa = PBXFileReference; fileEncoding = 4; lastKnownFileType = sourcecode.swift; path = Body.swift; sourceTree = "<group>"; };
		D2D774F322993FBE00EDA827 /* System.swift */ = {isa = PBXFileReference; fileEncoding = 4; lastKnownFileType = sourcecode.swift; path = System.swift; sourceTree = "<group>"; };
		D2D774FE229FD27500EDA827 /* StepsTests.swift */ = {isa = PBXFileReference; lastKnownFileType = sourcecode.swift; path = StepsTests.swift; sourceTree = "<group>"; };
		D2D77500229FD2D300EDA827 /* Steps.swift */ = {isa = PBXFileReference; lastKnownFileType = sourcecode.swift; path = Steps.swift; sourceTree = "<group>"; };
/* End PBXFileReference section */

/* Begin PBXFrameworksBuildPhase section */
		D2D774B922993F9100EDA827 /* Frameworks */ = {
			isa = PBXFrameworksBuildPhase;
			buildActionMask = 2147483647;
			files = (
				D23DDEC322B799BC00D9C6F7 /* SpriteKit.framework in Frameworks */,
			);
			runOnlyForDeploymentPostprocessing = 0;
		};
		D2D774CD22993F9200EDA827 /* Frameworks */ = {
			isa = PBXFrameworksBuildPhase;
			buildActionMask = 2147483647;
			files = (
			);
			runOnlyForDeploymentPostprocessing = 0;
		};
		D2D774D822993F9200EDA827 /* Frameworks */ = {
			isa = PBXFrameworksBuildPhase;
			buildActionMask = 2147483647;
			files = (
			);
			runOnlyForDeploymentPostprocessing = 0;
		};
/* End PBXFrameworksBuildPhase section */

/* Begin PBXGroup section */
		D23DDEC122B799BC00D9C6F7 /* Frameworks */ = {
			isa = PBXGroup;
			children = (
				D23DDEC222B799BC00D9C6F7 /* SpriteKit.framework */,
			);
			name = Frameworks;
			sourceTree = "<group>";
		};
		D23DDEC422BDEB7E00D9C6F7 /* Core */ = {
			isa = PBXGroup;
			children = (
				D23DDEC522BDEB9100D9C6F7 /* UIColor+Extension.swift */,
			);
			path = Core;
			sourceTree = "<group>";
		};
		D2D774B322993F9100EDA827 = {
			isa = PBXGroup;
			children = (
				D2D774BE22993F9100EDA827 /* Orbit */,
				D2D774D322993F9200EDA827 /* OrbitTests */,
				D2D774DE22993F9200EDA827 /* OrbitUITests */,
				D2D774BD22993F9100EDA827 /* Products */,
				D23DDEC122B799BC00D9C6F7 /* Frameworks */,
			);
			sourceTree = "<group>";
		};
		D2D774BD22993F9100EDA827 /* Products */ = {
			isa = PBXGroup;
			children = (
				D2D774BC22993F9100EDA827 /* Orbit.app */,
				D2D774D022993F9200EDA827 /* OrbitTests.xctest */,
				D2D774DB22993F9200EDA827 /* OrbitUITests.xctest */,
			);
			name = Products;
			sourceTree = "<group>";
		};
		D2D774BE22993F9100EDA827 /* Orbit */ = {
			isa = PBXGroup;
			children = (
				D23DDEC422BDEB7E00D9C6F7 /* Core */,
				D2D774ED22993F9E00EDA827 /* Simulation */,
				D2D774BF22993F9100EDA827 /* AppDelegate.swift */,
				D2D774C122993F9100EDA827 /* ViewController.swift */,
				D2D774C322993F9100EDA827 /* Main.storyboard */,
				D2D774C622993F9200EDA827 /* Assets.xcassets */,
				D2D774C822993F9200EDA827 /* LaunchScreen.storyboard */,
				D2D774CB22993F9200EDA827 /* Info.plist */,
			);
			path = Orbit;
			sourceTree = "<group>";
		};
		D2D774D322993F9200EDA827 /* OrbitTests */ = {
			isa = PBXGroup;
			children = (
				D2D774D422993F9200EDA827 /* OrbitTests.swift */,
				D2D774D622993F9200EDA827 /* Info.plist */,
			);
			path = OrbitTests;
			sourceTree = "<group>";
		};
		D2D774DE22993F9200EDA827 /* OrbitUITests */ = {
			isa = PBXGroup;
			children = (
				D2D774DF22993F9200EDA827 /* OrbitUITests.swift */,
				D2D774E122993F9200EDA827 /* Info.plist */,
			);
			path = OrbitUITests;
			sourceTree = "<group>";
		};
		D2D774ED22993F9E00EDA827 /* Simulation */ = {
			isa = PBXGroup;
			children = (
				D2D774FD229E802000EDA827 /* Tests */,
				D2D774F322993FBE00EDA827 /* System.swift */,
				D2423D2222A7CF3D00395CCD /* System+InnerPlanets.swift */,
				D2423D2022A7CD4000395CCD /* Orbit.swift */,
				D2D774F022993FBE00EDA827 /* Body.swift */,
				D2423D1E22A7CB9600395CCD /* Simulation.swift */,
				D2D77500229FD2D300EDA827 /* Steps.swift */,
			);
			path = Simulation;
			sourceTree = "<group>";
		};
		D2D774FD229E802000EDA827 /* Tests */ = {
			isa = PBXGroup;
			children = (
				D2D774EF22993FBE00EDA827 /* OrbitSimulationTests.swift */,
				D2D774FE229FD27500EDA827 /* StepsTests.swift */,
				D2423D1522A4E5EE00395CCD /* System+Data.swift */,
			);
			path = Tests;
			sourceTree = "<group>";
		};
/* End PBXGroup section */

/* Begin PBXNativeTarget section */
		D2D774BB22993F9100EDA827 /* Orbit */ = {
			isa = PBXNativeTarget;
			buildConfigurationList = D2D774E422993F9200EDA827 /* Build configuration list for PBXNativeTarget "Orbit" */;
			buildPhases = (
				D2D774B822993F9100EDA827 /* Sources */,
				D2D774B922993F9100EDA827 /* Frameworks */,
				D2D774BA22993F9100EDA827 /* Resources */,
			);
			buildRules = (
			);
			dependencies = (
			);
			name = Orbit;
			productName = Orbit;
			productReference = D2D774BC22993F9100EDA827 /* Orbit.app */;
			productType = "com.apple.product-type.application";
		};
		D2D774CF22993F9200EDA827 /* OrbitTests */ = {
			isa = PBXNativeTarget;
			buildConfigurationList = D2D774E722993F9200EDA827 /* Build configuration list for PBXNativeTarget "OrbitTests" */;
			buildPhases = (
				D2D774CC22993F9200EDA827 /* Sources */,
				D2D774CD22993F9200EDA827 /* Frameworks */,
				D2D774CE22993F9200EDA827 /* Resources */,
			);
			buildRules = (
			);
			dependencies = (
				D2D774D222993F9200EDA827 /* PBXTargetDependency */,
			);
			name = OrbitTests;
			productName = OrbitTests;
			productReference = D2D774D022993F9200EDA827 /* OrbitTests.xctest */;
			productType = "com.apple.product-type.bundle.unit-test";
		};
		D2D774DA22993F9200EDA827 /* OrbitUITests */ = {
			isa = PBXNativeTarget;
			buildConfigurationList = D2D774EA22993F9200EDA827 /* Build configuration list for PBXNativeTarget "OrbitUITests" */;
			buildPhases = (
				D2D774D722993F9200EDA827 /* Sources */,
				D2D774D822993F9200EDA827 /* Frameworks */,
				D2D774D922993F9200EDA827 /* Resources */,
			);
			buildRules = (
			);
			dependencies = (
				D2D774DD22993F9200EDA827 /* PBXTargetDependency */,
			);
			name = OrbitUITests;
			productName = OrbitUITests;
			productReference = D2D774DB22993F9200EDA827 /* OrbitUITests.xctest */;
			productType = "com.apple.product-type.bundle.ui-testing";
		};
/* End PBXNativeTarget section */

/* Begin PBXProject section */
		D2D774B422993F9100EDA827 /* Project object */ = {
			isa = PBXProject;
			attributes = {
				LastSwiftUpdateCheck = 1020;
				LastUpgradeCheck = 1020;
				ORGANIZATIONNAME = NotApplicable;
				TargetAttributes = {
					D2D774BB22993F9100EDA827 = {
						CreatedOnToolsVersion = 10.2;
					};
					D2D774CF22993F9200EDA827 = {
						CreatedOnToolsVersion = 10.2;
						TestTargetID = D2D774BB22993F9100EDA827;
					};
					D2D774DA22993F9200EDA827 = {
						CreatedOnToolsVersion = 10.2;
						TestTargetID = D2D774BB22993F9100EDA827;
					};
				};
			};
			buildConfigurationList = D2D774B722993F9100EDA827 /* Build configuration list for PBXProject "Orbit" */;
			compatibilityVersion = "Xcode 9.3";
			developmentRegion = en;
			hasScannedForEncodings = 0;
			knownRegions = (
				en,
				Base,
			);
			mainGroup = D2D774B322993F9100EDA827;
			productRefGroup = D2D774BD22993F9100EDA827 /* Products */;
			projectDirPath = "";
			projectRoot = "";
			targets = (
				D2D774BB22993F9100EDA827 /* Orbit */,
				D2D774CF22993F9200EDA827 /* OrbitTests */,
				D2D774DA22993F9200EDA827 /* OrbitUITests */,
			);
		};
/* End PBXProject section */

/* Begin PBXResourcesBuildPhase section */
		D2D774BA22993F9100EDA827 /* Resources */ = {
			isa = PBXResourcesBuildPhase;
			buildActionMask = 2147483647;
			files = (
				D2D774CA22993F9200EDA827 /* LaunchScreen.storyboard in Resources */,
				D2D774C722993F9200EDA827 /* Assets.xcassets in Resources */,
				D2D774C522993F9100EDA827 /* Main.storyboard in Resources */,
			);
			runOnlyForDeploymentPostprocessing = 0;
		};
		D2D774CE22993F9200EDA827 /* Resources */ = {
			isa = PBXResourcesBuildPhase;
			buildActionMask = 2147483647;
			files = (
			);
			runOnlyForDeploymentPostprocessing = 0;
		};
		D2D774D922993F9200EDA827 /* Resources */ = {
			isa = PBXResourcesBuildPhase;
			buildActionMask = 2147483647;
			files = (
			);
			runOnlyForDeploymentPostprocessing = 0;
		};
/* End PBXResourcesBuildPhase section */

/* Begin PBXSourcesBuildPhase section */
		D2D774B822993F9100EDA827 /* Sources */ = {
			isa = PBXSourcesBuildPhase;
			buildActionMask = 2147483647;
			files = (
				D2D77501229FD2D300EDA827 /* Steps.swift in Sources */,
				D2423D2122A7CD4000395CCD /* Orbit.swift in Sources */,
				D2423D1F22A7CB9600395CCD /* Simulation.swift in Sources */,
				D23DDEC622BDEB9200D9C6F7 /* UIColor+Extension.swift in Sources */,
				D2D774C222993F9100EDA827 /* ViewController.swift in Sources */,
				D2D774FA22993FBE00EDA827 /* System.swift in Sources */,
				D2423D2322A7CF3D00395CCD /* System+InnerPlanets.swift in Sources */,
				D2D774C022993F9100EDA827 /* AppDelegate.swift in Sources */,
				D2D774F722993FBE00EDA827 /* Body.swift in Sources */,
			);
			runOnlyForDeploymentPostprocessing = 0;
		};
		D2D774CC22993F9200EDA827 /* Sources */ = {
			isa = PBXSourcesBuildPhase;
			buildActionMask = 2147483647;
			files = (
				D2D774FF229FD27500EDA827 /* StepsTests.swift in Sources */,
				D2D774D522993F9200EDA827 /* OrbitTests.swift in Sources */,
				D2423D1622A4E5EE00395CCD /* System+Data.swift in Sources */,
				D2D774FC22993FC300EDA827 /* OrbitSimulationTests.swift in Sources */,
			);
			runOnlyForDeploymentPostprocessing = 0;
		};
		D2D774D722993F9200EDA827 /* Sources */ = {
			isa = PBXSourcesBuildPhase;
			buildActionMask = 2147483647;
			files = (
				D2D774E022993F9200EDA827 /* OrbitUITests.swift in Sources */,
			);
			runOnlyForDeploymentPostprocessing = 0;
		};
/* End PBXSourcesBuildPhase section */

/* Begin PBXTargetDependency section */
		D2D774D222993F9200EDA827 /* PBXTargetDependency */ = {
			isa = PBXTargetDependency;
			target = D2D774BB22993F9100EDA827 /* Orbit */;
			targetProxy = D2D774D122993F9200EDA827 /* PBXContainerItemProxy */;
		};
		D2D774DD22993F9200EDA827 /* PBXTargetDependency */ = {
			isa = PBXTargetDependency;
			target = D2D774BB22993F9100EDA827 /* Orbit */;
			targetProxy = D2D774DC22993F9200EDA827 /* PBXContainerItemProxy */;
		};
/* End PBXTargetDependency section */

/* Begin PBXVariantGroup section */
		D2D774C322993F9100EDA827 /* Main.storyboard */ = {
			isa = PBXVariantGroup;
			children = (
				D2D774C422993F9100EDA827 /* Base */,
			);
			name = Main.storyboard;
			sourceTree = "<group>";
		};
		D2D774C822993F9200EDA827 /* LaunchScreen.storyboard */ = {
			isa = PBXVariantGroup;
			children = (
				D2D774C922993F9200EDA827 /* Base */,
			);
			name = LaunchScreen.storyboard;
			sourceTree = "<group>";
		};
/* End PBXVariantGroup section */

/* Begin XCBuildConfiguration section */
		D2D774E222993F9200EDA827 /* Debug */ = {
			isa = XCBuildConfiguration;
			buildSettings = {
				ALWAYS_SEARCH_USER_PATHS = NO;
				CLANG_ANALYZER_NONNULL = YES;
				CLANG_ANALYZER_NUMBER_OBJECT_CONVERSION = YES_AGGRESSIVE;
				CLANG_CXX_LANGUAGE_STANDARD = "gnu++14";
				CLANG_CXX_LIBRARY = "libc++";
				CLANG_ENABLE_MODULES = YES;
				CLANG_ENABLE_OBJC_ARC = YES;
				CLANG_ENABLE_OBJC_WEAK = YES;
				CLANG_WARN_BLOCK_CAPTURE_AUTORELEASING = YES;
				CLANG_WARN_BOOL_CONVERSION = YES;
				CLANG_WARN_COMMA = YES;
				CLANG_WARN_CONSTANT_CONVERSION = YES;
				CLANG_WARN_DEPRECATED_OBJC_IMPLEMENTATIONS = YES;
				CLANG_WARN_DIRECT_OBJC_ISA_USAGE = YES_ERROR;
				CLANG_WARN_DOCUMENTATION_COMMENTS = YES;
				CLANG_WARN_EMPTY_BODY = YES;
				CLANG_WARN_ENUM_CONVERSION = YES;
				CLANG_WARN_INFINITE_RECURSION = YES;
				CLANG_WARN_INT_CONVERSION = YES;
				CLANG_WARN_NON_LITERAL_NULL_CONVERSION = YES;
				CLANG_WARN_OBJC_IMPLICIT_RETAIN_SELF = YES;
				CLANG_WARN_OBJC_LITERAL_CONVERSION = YES;
				CLANG_WARN_OBJC_ROOT_CLASS = YES_ERROR;
				CLANG_WARN_RANGE_LOOP_ANALYSIS = YES;
				CLANG_WARN_STRICT_PROTOTYPES = YES;
				CLANG_WARN_SUSPICIOUS_MOVE = YES;
				CLANG_WARN_UNGUARDED_AVAILABILITY = YES_AGGRESSIVE;
				CLANG_WARN_UNREACHABLE_CODE = YES;
				CLANG_WARN__DUPLICATE_METHOD_MATCH = YES;
				CODE_SIGN_IDENTITY = "iPhone Developer";
				COPY_PHASE_STRIP = NO;
				DEBUG_INFORMATION_FORMAT = dwarf;
				ENABLE_STRICT_OBJC_MSGSEND = YES;
				ENABLE_TESTABILITY = YES;
				GCC_C_LANGUAGE_STANDARD = gnu11;
				GCC_DYNAMIC_NO_PIC = NO;
				GCC_NO_COMMON_BLOCKS = YES;
				GCC_OPTIMIZATION_LEVEL = 0;
				GCC_PREPROCESSOR_DEFINITIONS = (
					"DEBUG=1",
					"$(inherited)",
				);
				GCC_WARN_64_TO_32_BIT_CONVERSION = YES;
				GCC_WARN_ABOUT_RETURN_TYPE = YES_ERROR;
				GCC_WARN_UNDECLARED_SELECTOR = YES;
				GCC_WARN_UNINITIALIZED_AUTOS = YES_AGGRESSIVE;
				GCC_WARN_UNUSED_FUNCTION = YES;
				GCC_WARN_UNUSED_VARIABLE = YES;
				IPHONEOS_DEPLOYMENT_TARGET = 12.2;
				MTL_ENABLE_DEBUG_INFO = INCLUDE_SOURCE;
				MTL_FAST_MATH = YES;
				ONLY_ACTIVE_ARCH = YES;
				SDKROOT = iphoneos;
				SWIFT_ACTIVE_COMPILATION_CONDITIONS = DEBUG;
				SWIFT_OPTIMIZATION_LEVEL = "-Onone";
			};
			name = Debug;
		};
		D2D774E322993F9200EDA827 /* Release */ = {
			isa = XCBuildConfiguration;
			buildSettings = {
				ALWAYS_SEARCH_USER_PATHS = NO;
				CLANG_ANALYZER_NONNULL = YES;
				CLANG_ANALYZER_NUMBER_OBJECT_CONVERSION = YES_AGGRESSIVE;
				CLANG_CXX_LANGUAGE_STANDARD = "gnu++14";
				CLANG_CXX_LIBRARY = "libc++";
				CLANG_ENABLE_MODULES = YES;
				CLANG_ENABLE_OBJC_ARC = YES;
				CLANG_ENABLE_OBJC_WEAK = YES;
				CLANG_WARN_BLOCK_CAPTURE_AUTORELEASING = YES;
				CLANG_WARN_BOOL_CONVERSION = YES;
				CLANG_WARN_COMMA = YES;
				CLANG_WARN_CONSTANT_CONVERSION = YES;
				CLANG_WARN_DEPRECATED_OBJC_IMPLEMENTATIONS = YES;
				CLANG_WARN_DIRECT_OBJC_ISA_USAGE = YES_ERROR;
				CLANG_WARN_DOCUMENTATION_COMMENTS = YES;
				CLANG_WARN_EMPTY_BODY = YES;
				CLANG_WARN_ENUM_CONVERSION = YES;
				CLANG_WARN_INFINITE_RECURSION = YES;
				CLANG_WARN_INT_CONVERSION = YES;
				CLANG_WARN_NON_LITERAL_NULL_CONVERSION = YES;
				CLANG_WARN_OBJC_IMPLICIT_RETAIN_SELF = YES;
				CLANG_WARN_OBJC_LITERAL_CONVERSION = YES;
				CLANG_WARN_OBJC_ROOT_CLASS = YES_ERROR;
				CLANG_WARN_RANGE_LOOP_ANALYSIS = YES;
				CLANG_WARN_STRICT_PROTOTYPES = YES;
				CLANG_WARN_SUSPICIOUS_MOVE = YES;
				CLANG_WARN_UNGUARDED_AVAILABILITY = YES_AGGRESSIVE;
				CLANG_WARN_UNREACHABLE_CODE = YES;
				CLANG_WARN__DUPLICATE_METHOD_MATCH = YES;
				CODE_SIGN_IDENTITY = "iPhone Developer";
				COPY_PHASE_STRIP = NO;
				DEBUG_INFORMATION_FORMAT = "dwarf-with-dsym";
				ENABLE_NS_ASSERTIONS = NO;
				ENABLE_STRICT_OBJC_MSGSEND = YES;
				GCC_C_LANGUAGE_STANDARD = gnu11;
				GCC_NO_COMMON_BLOCKS = YES;
				GCC_WARN_64_TO_32_BIT_CONVERSION = YES;
				GCC_WARN_ABOUT_RETURN_TYPE = YES_ERROR;
				GCC_WARN_UNDECLARED_SELECTOR = YES;
				GCC_WARN_UNINITIALIZED_AUTOS = YES_AGGRESSIVE;
				GCC_WARN_UNUSED_FUNCTION = YES;
				GCC_WARN_UNUSED_VARIABLE = YES;
				IPHONEOS_DEPLOYMENT_TARGET = 12.2;
				MTL_ENABLE_DEBUG_INFO = NO;
				MTL_FAST_MATH = YES;
				SDKROOT = iphoneos;
				SWIFT_COMPILATION_MODE = wholemodule;
				SWIFT_OPTIMIZATION_LEVEL = "-O";
				VALIDATE_PRODUCT = YES;
			};
			name = Release;
		};
		D2D774E522993F9200EDA827 /* Debug */ = {
			isa = XCBuildConfiguration;
			buildSettings = {
				ASSETCATALOG_COMPILER_APPICON_NAME = AppIcon;
				CODE_SIGN_STYLE = Automatic;
				DEVELOPMENT_TEAM = S24AE5VY3Q;
				INFOPLIST_FILE = Orbit/Info.plist;
				LD_RUNPATH_SEARCH_PATHS = (
					"$(inherited)",
					"@executable_path/Frameworks",
				);
				PRODUCT_BUNDLE_IDENTIFIER = co.notapplicable.Orbit;
				PRODUCT_NAME = "$(TARGET_NAME)";
				SWIFT_VERSION = 5.0;
				TARGETED_DEVICE_FAMILY = "1,2";
			};
			name = Debug;
		};
		D2D774E622993F9200EDA827 /* Release */ = {
			isa = XCBuildConfiguration;
			buildSettings = {
				ASSETCATALOG_COMPILER_APPICON_NAME = AppIcon;
				CODE_SIGN_STYLE = Automatic;
				DEVELOPMENT_TEAM = S24AE5VY3Q;
				INFOPLIST_FILE = Orbit/Info.plist;
				LD_RUNPATH_SEARCH_PATHS = (
					"$(inherited)",
					"@executable_path/Frameworks",
				);
				PRODUCT_BUNDLE_IDENTIFIER = co.notapplicable.Orbit;
				PRODUCT_NAME = "$(TARGET_NAME)";
				SWIFT_VERSION = 5.0;
				TARGETED_DEVICE_FAMILY = "1,2";
			};
			name = Release;
		};
		D2D774E822993F9200EDA827 /* Debug */ = {
			isa = XCBuildConfiguration;
			buildSettings = {
				ALWAYS_EMBED_SWIFT_STANDARD_LIBRARIES = YES;
				BUNDLE_LOADER = "$(TEST_HOST)";
				CODE_SIGN_STYLE = Automatic;
				DEVELOPMENT_TEAM = S24AE5VY3Q;
				INFOPLIST_FILE = OrbitTests/Info.plist;
				LD_RUNPATH_SEARCH_PATHS = (
					"$(inherited)",
					"@executable_path/Frameworks",
					"@loader_path/Frameworks",
				);
				PRODUCT_BUNDLE_IDENTIFIER = co.notapplicable.OrbitTests;
				PRODUCT_NAME = "$(TARGET_NAME)";
				SWIFT_VERSION = 5.0;
				TARGETED_DEVICE_FAMILY = "1,2";
				TEST_HOST = "$(BUILT_PRODUCTS_DIR)/Orbit.app/Orbit";
			};
			name = Debug;
		};
		D2D774E922993F9200EDA827 /* Release */ = {
			isa = XCBuildConfiguration;
			buildSettings = {
				ALWAYS_EMBED_SWIFT_STANDARD_LIBRARIES = YES;
				BUNDLE_LOADER = "$(TEST_HOST)";
				CODE_SIGN_STYLE = Automatic;
				DEVELOPMENT_TEAM = S24AE5VY3Q;
				INFOPLIST_FILE = OrbitTests/Info.plist;
				LD_RUNPATH_SEARCH_PATHS = (
					"$(inherited)",
					"@executable_path/Frameworks",
					"@loader_path/Frameworks",
				);
				PRODUCT_BUNDLE_IDENTIFIER = co.notapplicable.OrbitTests;
				PRODUCT_NAME = "$(TARGET_NAME)";
				SWIFT_VERSION = 5.0;
				TARGETED_DEVICE_FAMILY = "1,2";
				TEST_HOST = "$(BUILT_PRODUCTS_DIR)/Orbit.app/Orbit";
			};
			name = Release;
		};
		D2D774EB22993F9200EDA827 /* Debug */ = {
			isa = XCBuildConfiguration;
			buildSettings = {
				ALWAYS_EMBED_SWIFT_STANDARD_LIBRARIES = YES;
				CODE_SIGN_STYLE = Automatic;
				DEVELOPMENT_TEAM = S24AE5VY3Q;
				INFOPLIST_FILE = OrbitUITests/Info.plist;
				LD_RUNPATH_SEARCH_PATHS = (
					"$(inherited)",
					"@executable_path/Frameworks",
					"@loader_path/Frameworks",
				);
				PRODUCT_BUNDLE_IDENTIFIER = co.notapplicable.OrbitUITests;
				PRODUCT_NAME = "$(TARGET_NAME)";
				SWIFT_VERSION = 5.0;
				TARGETED_DEVICE_FAMILY = "1,2";
				TEST_TARGET_NAME = Orbit;
			};
			name = Debug;
		};
		D2D774EC22993F9200EDA827 /* Release */ = {
			isa = XCBuildConfiguration;
			buildSettings = {
				ALWAYS_EMBED_SWIFT_STANDARD_LIBRARIES = YES;
				CODE_SIGN_STYLE = Automatic;
				DEVELOPMENT_TEAM = S24AE5VY3Q;
				INFOPLIST_FILE = OrbitUITests/Info.plist;
				LD_RUNPATH_SEARCH_PATHS = (
					"$(inherited)",
					"@executable_path/Frameworks",
					"@loader_path/Frameworks",
				);
				PRODUCT_BUNDLE_IDENTIFIER = co.notapplicable.OrbitUITests;
				PRODUCT_NAME = "$(TARGET_NAME)";
				SWIFT_VERSION = 5.0;
				TARGETED_DEVICE_FAMILY = "1,2";
				TEST_TARGET_NAME = Orbit;
			};
			name = Release;
		};
/* End XCBuildConfiguration section */

/* Begin XCConfigurationList section */
		D2D774B722993F9100EDA827 /* Build configuration list for PBXProject "Orbit" */ = {
			isa = XCConfigurationList;
			buildConfigurations = (
				D2D774E222993F9200EDA827 /* Debug */,
				D2D774E322993F9200EDA827 /* Release */,
			);
			defaultConfigurationIsVisible = 0;
			defaultConfigurationName = Release;
		};
		D2D774E422993F9200EDA827 /* Build configuration list for PBXNativeTarget "Orbit" */ = {
			isa = XCConfigurationList;
			buildConfigurations = (
				D2D774E522993F9200EDA827 /* Debug */,
				D2D774E622993F9200EDA827 /* Release */,
			);
			defaultConfigurationIsVisible = 0;
			defaultConfigurationName = Release;
		};
		D2D774E722993F9200EDA827 /* Build configuration list for PBXNativeTarget "OrbitTests" */ = {
			isa = XCConfigurationList;
			buildConfigurations = (
				D2D774E822993F9200EDA827 /* Debug */,
				D2D774E922993F9200EDA827 /* Release */,
			);
			defaultConfigurationIsVisible = 0;
			defaultConfigurationName = Release;
		};
		D2D774EA22993F9200EDA827 /* Build configuration list for PBXNativeTarget "OrbitUITests" */ = {
			isa = XCConfigurationList;
			buildConfigurations = (
				D2D774EB22993F9200EDA827 /* Debug */,
				D2D774EC22993F9200EDA827 /* Release */,
			);
			defaultConfigurationIsVisible = 0;
			defaultConfigurationName = Release;
		};
/* End XCConfigurationList section */
	};
	rootObject = D2D774B422993F9100EDA827 /* Project object */;
}
